
Microsoft Visual Studio Solution File, Format Version 12.00
# Visual Studio Version 17
VisualStudioVersion = 17.0.32112.339
MinimumVisualStudioVersion = 10.0.40219.1
Project("{FAE04EC0-301F-11D3-BF4B-00C04F79EFBC}") = "NullConditionalOperator", "NullConditionalOperator.csproj", "{33C6C792-5CD3-4FF6-BF10-327F090AC085}"
EndProject
Global
	GlobalSection(SolutionConfigurationPlatforms) = preSolution
		Debug|Any CPU = Debug|Any CPU
		Release|Any CPU = Release|Any CPU
	EndGlobalSection
	GlobalSection(ProjectConfigurationPlatforms) = postSolution
		{33C6C792-5CD3-4FF6-BF10-327F090AC085}.Debug|Any CPU.ActiveCfg = Debug|Any CPU
		{33C6C792-5CD3-4FF6-BF10-327F090AC085}.Debug|Any CPU.Build.0 = Debug|Any CPU
		{33C6C792-5CD3-4FF6-BF10-327F090AC085}.Release|Any CPU.ActiveCfg = Release|Any CPU
		{33C6C792-5CD3-4FF6-BF10-327F090AC085}.Release|Any CPU.Build.0 = Release|Any CPU
	EndGlobalSection
	GlobalSection(SolutionProperties) = preSolution
		HideSolutionNode = FALSE
	EndGlobalSection
	GlobalSection(ExtensibilityGlobals) = postSolution
		SolutionGuid = {BB48E927-AF93-44B2-80EF-B04979BE2470}
	EndGlobalSection
EndGlobal
