
Microsoft Visual Studio Solution File, Format Version 12.00
# Visual Studio Version 17
VisualStudioVersion = 17.0.32112.339
MinimumVisualStudioVersion = 10.0.40219.1
Project("{FAE04EC0-301F-11D3-BF4B-00C04F79EFBC}") = "ShiftOperatorr", "ShiftOperatorr.csproj", "{C602213F-FA90-40C3-857C-1D05985CC517}"
EndProject
Global
	GlobalSection(SolutionConfigurationPlatforms) = preSolution
		Debug|Any CPU = Debug|Any CPU
		Release|Any CPU = Release|Any CPU
	EndGlobalSection
	GlobalSection(ProjectConfigurationPlatforms) = postSolution
		{C602213F-FA90-40C3-857C-1D05985CC517}.Debug|Any CPU.ActiveCfg = Debug|Any CPU
		{C602213F-FA90-40C3-857C-1D05985CC517}.Debug|Any CPU.Build.0 = Debug|Any CPU
		{C602213F-FA90-40C3-857C-1D05985CC517}.Release|Any CPU.ActiveCfg = Release|Any CPU
		{C602213F-FA90-40C3-857C-1D05985CC517}.Release|Any CPU.Build.0 = Release|Any CPU
	EndGlobalSection
	GlobalSection(SolutionProperties) = preSolution
		HideSolutionNode = FALSE
	EndGlobalSection
	GlobalSection(ExtensibilityGlobals) = postSolution
		SolutionGuid = {4CFE0C4E-3DFF-413D-B79C-94B10735FDB7}
	EndGlobalSection
EndGlobal
