
Microsoft Visual Studio Solution File, Format Version 12.00
# Visual Studio Version 17
VisualStudioVersion = 17.0.32112.339
MinimumVisualStudioVersion = 10.0.40219.1
Project("{FAE04EC0-301F-11D3-BF4B-00C04F79EFBC}") = "Serialization", "Serialization.csproj", "{BABA9DE1-B514-4845-8417-EDEB5A70AB0A}"
EndProject
Global
	GlobalSection(SolutionConfigurationPlatforms) = preSolution
		Debug|Any CPU = Debug|Any CPU
		Release|Any CPU = Release|Any CPU
	EndGlobalSection
	GlobalSection(ProjectConfigurationPlatforms) = postSolution
		{BABA9DE1-B514-4845-8417-EDEB5A70AB0A}.Debug|Any CPU.ActiveCfg = Debug|Any CPU
		{BABA9DE1-B514-4845-8417-EDEB5A70AB0A}.Debug|Any CPU.Build.0 = Debug|Any CPU
		{BABA9DE1-B514-4845-8417-EDEB5A70AB0A}.Release|Any CPU.ActiveCfg = Release|Any CPU
		{BABA9DE1-B514-4845-8417-EDEB5A70AB0A}.Release|Any CPU.Build.0 = Release|Any CPU
	EndGlobalSection
	GlobalSection(SolutionProperties) = preSolution
		HideSolutionNode = FALSE
	EndGlobalSection
	GlobalSection(ExtensibilityGlobals) = postSolution
		SolutionGuid = {E5E84AE3-67EB-48EA-9F7A-B2083C46018A}
	EndGlobalSection
EndGlobal
