
Microsoft Visual Studio Solution File, Format Version 12.00
# Visual Studio Version 17
VisualStudioVersion = 17.0.32112.339
MinimumVisualStudioVersion = 10.0.40219.1
Project("{FAE04EC0-301F-11D3-BF4B-00C04F79EFBC}") = "IntegralTypes", "IntegralTypes.csproj", "{7451F346-4A4F-4DB5-B3DF-9E65E6D05C67}"
EndProject
Project("{FAE04EC0-301F-11D3-BF4B-00C04F79EFBC}") = "IntegralLiterals", "..\IntegralLiterals\IntegralLiterals.csproj", "{ECC73006-BFF8-468F-B48E-8DC51494FFCA}"
EndProject
Project("{FAE04EC0-301F-11D3-BF4B-00C04F79EFBC}") = "BoxingUnboxing", "..\Object\BoxingUnboxing.csproj", "{6E795191-A8D0-40E0-86F5-4FBCEC26F5A0}"
EndProject
Global
	GlobalSection(SolutionConfigurationPlatforms) = preSolution
		Debug|Any CPU = Debug|Any CPU
		Release|Any CPU = Release|Any CPU
	EndGlobalSection
	GlobalSection(ProjectConfigurationPlatforms) = postSolution
		{7451F346-4A4F-4DB5-B3DF-9E65E6D05C67}.Debug|Any CPU.ActiveCfg = Debug|Any CPU
		{7451F346-4A4F-4DB5-B3DF-9E65E6D05C67}.Debug|Any CPU.Build.0 = Debug|Any CPU
		{7451F346-4A4F-4DB5-B3DF-9E65E6D05C67}.Release|Any CPU.ActiveCfg = Release|Any CPU
		{7451F346-4A4F-4DB5-B3DF-9E65E6D05C67}.Release|Any CPU.Build.0 = Release|Any CPU
		{ECC73006-BFF8-468F-B48E-8DC51494FFCA}.Debug|Any CPU.ActiveCfg = Debug|Any CPU
		{ECC73006-BFF8-468F-B48E-8DC51494FFCA}.Debug|Any CPU.Build.0 = Debug|Any CPU
		{ECC73006-BFF8-468F-B48E-8DC51494FFCA}.Release|Any CPU.ActiveCfg = Release|Any CPU
		{ECC73006-BFF8-468F-B48E-8DC51494FFCA}.Release|Any CPU.Build.0 = Release|Any CPU
		{6E795191-A8D0-40E0-86F5-4FBCEC26F5A0}.Debug|Any CPU.ActiveCfg = Debug|Any CPU
		{6E795191-A8D0-40E0-86F5-4FBCEC26F5A0}.Debug|Any CPU.Build.0 = Debug|Any CPU
		{6E795191-A8D0-40E0-86F5-4FBCEC26F5A0}.Release|Any CPU.ActiveCfg = Release|Any CPU
		{6E795191-A8D0-40E0-86F5-4FBCEC26F5A0}.Release|Any CPU.Build.0 = Release|Any CPU
	EndGlobalSection
	GlobalSection(SolutionProperties) = preSolution
		HideSolutionNode = FALSE
	EndGlobalSection
	GlobalSection(ExtensibilityGlobals) = postSolution
		SolutionGuid = {19654E73-1E63-4BD3-91F5-AEA3F75F64E0}
	EndGlobalSection
EndGlobal
