
Microsoft Visual Studio Solution File, Format Version 12.00
# Visual Studio Version 17
VisualStudioVersion = 17.0.32112.339
MinimumVisualStudioVersion = 10.0.40219.1
Project("{FAE04EC0-301F-11D3-BF4B-00C04F79EFBC}") = "Overriding", "Overriding.csproj", "{AD793929-1598-4094-AEB3-C02AB8764C49}"
EndProject
Global
	GlobalSection(SolutionConfigurationPlatforms) = preSolution
		Debug|Any CPU = Debug|Any CPU
		Release|Any CPU = Release|Any CPU
	EndGlobalSection
	GlobalSection(ProjectConfigurationPlatforms) = postSolution
		{AD793929-1598-4094-AEB3-C02AB8764C49}.Debug|Any CPU.ActiveCfg = Debug|Any CPU
		{AD793929-1598-4094-AEB3-C02AB8764C49}.Debug|Any CPU.Build.0 = Debug|Any CPU
		{AD793929-1598-4094-AEB3-C02AB8764C49}.Release|Any CPU.ActiveCfg = Release|Any CPU
		{AD793929-1598-4094-AEB3-C02AB8764C49}.Release|Any CPU.Build.0 = Release|Any CPU
	EndGlobalSection
	GlobalSection(SolutionProperties) = preSolution
		HideSolutionNode = FALSE
	EndGlobalSection
	GlobalSection(ExtensibilityGlobals) = postSolution
		SolutionGuid = {5B7027B3-0EE7-4501-831F-9D0D19EA6804}
	EndGlobalSection
EndGlobal
