
Microsoft Visual Studio Solution File, Format Version 12.00
# Visual Studio Version 17
VisualStudioVersion = 17.0.32112.339
MinimumVisualStudioVersion = 10.0.40219.1
Project("{FAE04EC0-301F-11D3-BF4B-00C04F79EFBC}") = "AccessModifier", "AccessModifier.csproj", "{FA150DAB-BEF6-4E3F-B1CD-4A4B266B9B2F}"
EndProject
Global
	GlobalSection(SolutionConfigurationPlatforms) = preSolution
		Debug|Any CPU = Debug|Any CPU
		Release|Any CPU = Release|Any CPU
	EndGlobalSection
	GlobalSection(ProjectConfigurationPlatforms) = postSolution
		{FA150DAB-BEF6-4E3F-B1CD-4A4B266B9B2F}.Debug|Any CPU.ActiveCfg = Debug|Any CPU
		{FA150DAB-BEF6-4E3F-B1CD-4A4B266B9B2F}.Debug|Any CPU.Build.0 = Debug|Any CPU
		{FA150DAB-BEF6-4E3F-B1CD-4A4B266B9B2F}.Release|Any CPU.ActiveCfg = Release|Any CPU
		{FA150DAB-BEF6-4E3F-B1CD-4A4B266B9B2F}.Release|Any CPU.Build.0 = Release|Any CPU
	EndGlobalSection
	GlobalSection(SolutionProperties) = preSolution
		HideSolutionNode = FALSE
	EndGlobalSection
	GlobalSection(ExtensibilityGlobals) = postSolution
		SolutionGuid = {84AC4EFD-48BB-4D57-BF06-ACE914EDBCE9}
	EndGlobalSection
EndGlobal
