
Microsoft Visual Studio Solution File, Format Version 12.00
# Visual Studio Version 17
VisualStudioVersion = 17.0.32112.339
MinimumVisualStudioVersion = 10.0.40219.1
Project("{FAE04EC0-301F-11D3-BF4B-00C04F79EFBC}") = "ExceptionFiltering", "ExceptionFiltering.csproj", "{FB81BCCE-A34E-40C3-B576-43E7164480ED}"
EndProject
Global
	GlobalSection(SolutionConfigurationPlatforms) = preSolution
		Debug|Any CPU = Debug|Any CPU
		Release|Any CPU = Release|Any CPU
	EndGlobalSection
	GlobalSection(ProjectConfigurationPlatforms) = postSolution
		{FB81BCCE-A34E-40C3-B576-43E7164480ED}.Debug|Any CPU.ActiveCfg = Debug|Any CPU
		{FB81BCCE-A34E-40C3-B576-43E7164480ED}.Debug|Any CPU.Build.0 = Debug|Any CPU
		{FB81BCCE-A34E-40C3-B576-43E7164480ED}.Release|Any CPU.ActiveCfg = Release|Any CPU
		{FB81BCCE-A34E-40C3-B576-43E7164480ED}.Release|Any CPU.Build.0 = Release|Any CPU
	EndGlobalSection
	GlobalSection(SolutionProperties) = preSolution
		HideSolutionNode = FALSE
	EndGlobalSection
	GlobalSection(ExtensibilityGlobals) = postSolution
		SolutionGuid = {F1B906C3-5E69-48AD-8767-7D7F996100BE}
	EndGlobalSection
EndGlobal
