
Microsoft Visual Studio Solution File, Format Version 12.00
# Visual Studio Version 17
VisualStudioVersion = 17.0.32112.339
MinimumVisualStudioVersion = 10.0.40219.1
Project("{FAE04EC0-301F-11D3-BF4B-00C04F79EFBC}") = "EmitTest", "EmitTest.csproj", "{99AAC921-3558-441D-860E-3570783081CF}"
EndProject
Global
	GlobalSection(SolutionConfigurationPlatforms) = preSolution
		Debug|Any CPU = Debug|Any CPU
		Release|Any CPU = Release|Any CPU
	EndGlobalSection
	GlobalSection(ProjectConfigurationPlatforms) = postSolution
		{99AAC921-3558-441D-860E-3570783081CF}.Debug|Any CPU.ActiveCfg = Debug|Any CPU
		{99AAC921-3558-441D-860E-3570783081CF}.Debug|Any CPU.Build.0 = Debug|Any CPU
		{99AAC921-3558-441D-860E-3570783081CF}.Release|Any CPU.ActiveCfg = Release|Any CPU
		{99AAC921-3558-441D-860E-3570783081CF}.Release|Any CPU.Build.0 = Release|Any CPU
	EndGlobalSection
	GlobalSection(SolutionProperties) = preSolution
		HideSolutionNode = FALSE
	EndGlobalSection
	GlobalSection(ExtensibilityGlobals) = postSolution
		SolutionGuid = {D6CE2CE1-EF90-46DA-835B-3BFFBC44404C}
	EndGlobalSection
EndGlobal
