
Microsoft Visual Studio Solution File, Format Version 12.00
# Visual Studio Version 17
VisualStudioVersion = 17.0.32112.339
MinimumVisualStudioVersion = 10.0.40219.1
Project("{FAE04EC0-301F-11D3-BF4B-00C04F79EFBC}") = "UsingList", "UsingList.csproj", "{1CCFEA0D-1E2F-4912-9C3D-11F99CC72EAF}"
EndProject
Global
	GlobalSection(SolutionConfigurationPlatforms) = preSolution
		Debug|Any CPU = Debug|Any CPU
		Release|Any CPU = Release|Any CPU
	EndGlobalSection
	GlobalSection(ProjectConfigurationPlatforms) = postSolution
		{1CCFEA0D-1E2F-4912-9C3D-11F99CC72EAF}.Debug|Any CPU.ActiveCfg = Debug|Any CPU
		{1CCFEA0D-1E2F-4912-9C3D-11F99CC72EAF}.Debug|Any CPU.Build.0 = Debug|Any CPU
		{1CCFEA0D-1E2F-4912-9C3D-11F99CC72EAF}.Release|Any CPU.ActiveCfg = Release|Any CPU
		{1CCFEA0D-1E2F-4912-9C3D-11F99CC72EAF}.Release|Any CPU.Build.0 = Release|Any CPU
	EndGlobalSection
	GlobalSection(SolutionProperties) = preSolution
		HideSolutionNode = FALSE
	EndGlobalSection
	GlobalSection(ExtensibilityGlobals) = postSolution
		SolutionGuid = {06AB6876-1F08-45C6-B0EC-A43771809A74}
	EndGlobalSection
EndGlobal
