
Microsoft Visual Studio Solution File, Format Version 12.00
# Visual Studio Version 17
VisualStudioVersion = 17.0.32112.339
MinimumVisualStudioVersion = 10.0.40219.1
Project("{FAE04EC0-301F-11D3-BF4B-00C04F79EFBC}") = "UsingTask", "UsingTask.csproj", "{3AAFB680-B3B0-463E-841B-0CCEECE8EF35}"
EndProject
Global
	GlobalSection(SolutionConfigurationPlatforms) = preSolution
		Debug|Any CPU = Debug|Any CPU
		Release|Any CPU = Release|Any CPU
	EndGlobalSection
	GlobalSection(ProjectConfigurationPlatforms) = postSolution
		{3AAFB680-B3B0-463E-841B-0CCEECE8EF35}.Debug|Any CPU.ActiveCfg = Debug|Any CPU
		{3AAFB680-B3B0-463E-841B-0CCEECE8EF35}.Debug|Any CPU.Build.0 = Debug|Any CPU
		{3AAFB680-B3B0-463E-841B-0CCEECE8EF35}.Release|Any CPU.ActiveCfg = Release|Any CPU
		{3AAFB680-B3B0-463E-841B-0CCEECE8EF35}.Release|Any CPU.Build.0 = Release|Any CPU
	EndGlobalSection
	GlobalSection(SolutionProperties) = preSolution
		HideSolutionNode = FALSE
	EndGlobalSection
	GlobalSection(ExtensibilityGlobals) = postSolution
		SolutionGuid = {A6511067-31D1-4712-985D-1128006B2F4D}
	EndGlobalSection
EndGlobal
