
Microsoft Visual Studio Solution File, Format Version 12.00
# Visual Studio Version 17
VisualStudioVersion = 17.0.32112.339
MinimumVisualStudioVersion = 10.0.40219.1
Project("{FAE04EC0-301F-11D3-BF4B-00C04F79EFBC}") = "UsingGenericQueue", "UsingGenericQueue.csproj", "{9DF213BC-D9BA-4EF7-AFA2-795F3E5B9B98}"
EndProject
Global
	GlobalSection(SolutionConfigurationPlatforms) = preSolution
		Debug|Any CPU = Debug|Any CPU
		Release|Any CPU = Release|Any CPU
	EndGlobalSection
	GlobalSection(ProjectConfigurationPlatforms) = postSolution
		{9DF213BC-D9BA-4EF7-AFA2-795F3E5B9B98}.Debug|Any CPU.ActiveCfg = Debug|Any CPU
		{9DF213BC-D9BA-4EF7-AFA2-795F3E5B9B98}.Debug|Any CPU.Build.0 = Debug|Any CPU
		{9DF213BC-D9BA-4EF7-AFA2-795F3E5B9B98}.Release|Any CPU.ActiveCfg = Release|Any CPU
		{9DF213BC-D9BA-4EF7-AFA2-795F3E5B9B98}.Release|Any CPU.Build.0 = Release|Any CPU
	EndGlobalSection
	GlobalSection(SolutionProperties) = preSolution
		HideSolutionNode = FALSE
	EndGlobalSection
	GlobalSection(ExtensibilityGlobals) = postSolution
		SolutionGuid = {FC6DAB85-550D-446D-9807-74BAE078772A}
	EndGlobalSection
EndGlobal
