
Microsoft Visual Studio Solution File, Format Version 12.00
# Visual Studio Version 17
VisualStudioVersion = 17.0.32112.339
MinimumVisualStudioVersion = 10.0.40219.1
Project("{FAE04EC0-301F-11D3-BF4B-00C04F79EFBC}") = "InitializingCollections", "InitializingCollections.csproj", "{1905B77D-5546-44B8-A3E1-C58FCBACBAC4}"
EndProject
Global
	GlobalSection(SolutionConfigurationPlatforms) = preSolution
		Debug|Any CPU = Debug|Any CPU
		Release|Any CPU = Release|Any CPU
	EndGlobalSection
	GlobalSection(ProjectConfigurationPlatforms) = postSolution
		{1905B77D-5546-44B8-A3E1-C58FCBACBAC4}.Debug|Any CPU.ActiveCfg = Debug|Any CPU
		{1905B77D-5546-44B8-A3E1-C58FCBACBAC4}.Debug|Any CPU.Build.0 = Debug|Any CPU
		{1905B77D-5546-44B8-A3E1-C58FCBACBAC4}.Release|Any CPU.ActiveCfg = Release|Any CPU
		{1905B77D-5546-44B8-A3E1-C58FCBACBAC4}.Release|Any CPU.Build.0 = Release|Any CPU
	EndGlobalSection
	GlobalSection(SolutionProperties) = preSolution
		HideSolutionNode = FALSE
	EndGlobalSection
	GlobalSection(ExtensibilityGlobals) = postSolution
		SolutionGuid = {99BDE6F0-B62E-453B-B2CE-6F99D17AACD5}
	EndGlobalSection
EndGlobal
