
Microsoft Visual Studio Solution File, Format Version 12.00
# Visual Studio Version 17
VisualStudioVersion = 17.0.32112.339
MinimumVisualStudioVersion = 10.0.40219.1
Project("{FAE04EC0-301F-11D3-BF4B-00C04F79EFBC}") = "NullCoalescing", "NullCoalescing.csproj", "{0EF08D02-9C95-47CA-998F-02F9CD3AC913}"
EndProject
Global
	GlobalSection(SolutionConfigurationPlatforms) = preSolution
		Debug|Any CPU = Debug|Any CPU
		Release|Any CPU = Release|Any CPU
	EndGlobalSection
	GlobalSection(ProjectConfigurationPlatforms) = postSolution
		{0EF08D02-9C95-47CA-998F-02F9CD3AC913}.Debug|Any CPU.ActiveCfg = Debug|Any CPU
		{0EF08D02-9C95-47CA-998F-02F9CD3AC913}.Debug|Any CPU.Build.0 = Debug|Any CPU
		{0EF08D02-9C95-47CA-998F-02F9CD3AC913}.Release|Any CPU.ActiveCfg = Release|Any CPU
		{0EF08D02-9C95-47CA-998F-02F9CD3AC913}.Release|Any CPU.Build.0 = Release|Any CPU
	EndGlobalSection
	GlobalSection(SolutionProperties) = preSolution
		HideSolutionNode = FALSE
	EndGlobalSection
	GlobalSection(ExtensibilityGlobals) = postSolution
		SolutionGuid = {4BDC61D5-855B-4F26-8A44-A18E40B08E0D}
	EndGlobalSection
EndGlobal
