
Microsoft Visual Studio Solution File, Format Version 12.00
# Visual Studio Version 17
VisualStudioVersion = 17.0.32112.339
MinimumVisualStudioVersion = 10.0.40219.1
Project("{FAE04EC0-301F-11D3-BF4B-00C04F79EFBC}") = "SerializingCollection", "SerializingCollection.csproj", "{9C557622-BE0D-42D0-B6AB-2434114C6356}"
EndProject
Global
	GlobalSection(SolutionConfigurationPlatforms) = preSolution
		Debug|Any CPU = Debug|Any CPU
		Release|Any CPU = Release|Any CPU
	EndGlobalSection
	GlobalSection(ProjectConfigurationPlatforms) = postSolution
		{9C557622-BE0D-42D0-B6AB-2434114C6356}.Debug|Any CPU.ActiveCfg = Debug|Any CPU
		{9C557622-BE0D-42D0-B6AB-2434114C6356}.Debug|Any CPU.Build.0 = Debug|Any CPU
		{9C557622-BE0D-42D0-B6AB-2434114C6356}.Release|Any CPU.ActiveCfg = Release|Any CPU
		{9C557622-BE0D-42D0-B6AB-2434114C6356}.Release|Any CPU.Build.0 = Release|Any CPU
	EndGlobalSection
	GlobalSection(SolutionProperties) = preSolution
		HideSolutionNode = FALSE
	EndGlobalSection
	GlobalSection(ExtensibilityGlobals) = postSolution
		SolutionGuid = {6714BF6E-16FE-46BF-A912-6349E2BA73AF}
	EndGlobalSection
EndGlobal
