
Microsoft Visual Studio Solution File, Format Version 12.00
# Visual Studio Version 17
VisualStudioVersion = 17.0.32112.339
MinimumVisualStudioVersion = 10.0.40219.1
Project("{FAE04EC0-301F-11D3-BF4B-00C04F79EFBC}") = "TryCatch", "TryCatch.csproj", "{EBB08DCC-5CFA-4F50-A2E9-49999EAB553B}"
EndProject
Global
	GlobalSection(SolutionConfigurationPlatforms) = preSolution
		Debug|Any CPU = Debug|Any CPU
		Release|Any CPU = Release|Any CPU
	EndGlobalSection
	GlobalSection(ProjectConfigurationPlatforms) = postSolution
		{EBB08DCC-5CFA-4F50-A2E9-49999EAB553B}.Debug|Any CPU.ActiveCfg = Debug|Any CPU
		{EBB08DCC-5CFA-4F50-A2E9-49999EAB553B}.Debug|Any CPU.Build.0 = Debug|Any CPU
		{EBB08DCC-5CFA-4F50-A2E9-49999EAB553B}.Release|Any CPU.ActiveCfg = Release|Any CPU
		{EBB08DCC-5CFA-4F50-A2E9-49999EAB553B}.Release|Any CPU.Build.0 = Release|Any CPU
	EndGlobalSection
	GlobalSection(SolutionProperties) = preSolution
		HideSolutionNode = FALSE
	EndGlobalSection
	GlobalSection(ExtensibilityGlobals) = postSolution
		SolutionGuid = {330BF513-2F46-4ED3-B184-1950CE13C8FA}
	EndGlobalSection
EndGlobal
